{
  "nodes": {
    "nixpkgs": {
      "locked": {
        "lastModified": 1662070595,
        "narHash": "sha256-fYrdaUXhV4oPhkehHRwj78d1VjATnK4SF0fElEQUyLw=",
        "owner": "nixos",
        "repo": "nixpkgs",
        "rev": "9f867325b5da6c4c9211707abdb481e1d0b3e589",
        "type": "github"
      },
      "original": {
        "owner": "nixos",
        "ref": "nixos-unstable-small",
        "repo": "nixpkgs",
        "type": "github"
      }
    },
    "root": {
      "inputs": {
        "nixpkgs": "nixpkgs"
      }
    }
  },
  "root": "root",
  "version": 7
}
